
Microsoft Visual Studio Solution File, Format Version 12.00
Project("{FAE04EC0-301F-11D3-BF4B-00C04F79EFBC}") = "Amusement_Park_System", "Amusement_Park_System\Amusement_Park_System.csproj", "{5D306EB3-27AE-456A-9FFD-93432FCD4A8A}"
EndProject
Project("{FAE04EC0-301F-11D3-BF4B-00C04F79EFBC}") = "Amusement_Park_System_UnitTests", "Amusement_Park_System_UnitTests\Amusement_Park_System_UnitTests.csproj", "{18D33CF2-BE15-4DE7-91E4-8CA4F2BD9D83}"
EndProject
Global
	GlobalSection(SolutionConfigurationPlatforms) = preSolution
		Debug|Any CPU = Debug|Any CPU
		Release|Any CPU = Release|Any CPU
	EndGlobalSection
	GlobalSection(ProjectConfigurationPlatforms) = postSolution
		{5D306EB3-27AE-456A-9FFD-93432FCD4A8A}.Debug|Any CPU.ActiveCfg = Debug|Any CPU
		{5D306EB3-27AE-456A-9FFD-93432FCD4A8A}.Debug|Any CPU.Build.0 = Debug|Any CPU
		{5D306EB3-27AE-456A-9FFD-93432FCD4A8A}.Release|Any CPU.ActiveCfg = Release|Any CPU
		{5D306EB3-27AE-456A-9FFD-93432FCD4A8A}.Release|Any CPU.Build.0 = Release|Any CPU
		{18D33CF2-BE15-4DE7-91E4-8CA4F2BD9D83}.Debug|Any CPU.ActiveCfg = Debug|Any CPU
		{18D33CF2-BE15-4DE7-91E4-8CA4F2BD9D83}.Debug|Any CPU.Build.0 = Debug|Any CPU
		{18D33CF2-BE15-4DE7-91E4-8CA4F2BD9D83}.Release|Any CPU.ActiveCfg = Release|Any CPU
		{18D33CF2-BE15-4DE7-91E4-8CA4F2BD9D83}.Release|Any CPU.Build.0 = Release|Any CPU
	EndGlobalSection
EndGlobal
